// !$*UTF8*$!
{
	archiveVersion = 1;
	classes = {
	};
	objectVersion = 50;
	objects = {

/* Begin PBXBuildFile section */
		6C5BC03F8849205DE9BF9E93 /* Pods_ToDoList.framework in Frameworks */ = {isa = PBXBuildFile; fileRef = 855056601BA1C515EA457625 /* Pods_ToDoList.framework */; };
		891FE68226C836A10012DC0A /* AppDelegate.swift in Sources */ = {isa = PBXBuildFile; fileRef = 891FE68126C836A10012DC0A /* AppDelegate.swift */; };
		891FE68426C836A10012DC0A /* SceneDelegate.swift in Sources */ = {isa = PBXBuildFile; fileRef = 891FE68326C836A10012DC0A /* SceneDelegate.swift */; };
		891FE68626C836A10012DC0A /* ToDoListTableViewController.swift in Sources */ = {isa = PBXBuildFile; fileRef = 891FE68526C836A10012DC0A /* ToDoListTableViewController.swift */; };
		891FE68926C836A10012DC0A /* Main.storyboard in Resources */ = {isa = PBXBuildFile; fileRef = 891FE68726C836A10012DC0A /* Main.storyboard */; };
		891FE68B26C836A30012DC0A /* Assets.xcassets in Resources */ = {isa = PBXBuildFile; fileRef = 891FE68A26C836A30012DC0A /* Assets.xcassets */; };
		891FE68E26C836A30012DC0A /* LaunchScreen.storyboard in Resources */ = {isa = PBXBuildFile; fileRef = 891FE68C26C836A30012DC0A /* LaunchScreen.storyboard */; };
		8996053826CF8837007203EF /* CategoryTableViewController.swift in Sources */ = {isa = PBXBuildFile; fileRef = 8996053726CF8837007203EF /* CategoryTableViewController.swift */; };
		89CACD5D26C96EDF00E022A7 /* DataModel.xcdatamodeld in Sources */ = {isa = PBXBuildFile; fileRef = 89CACD5B26C96EDF00E022A7 /* DataModel.xcdatamodeld */; };
/* End PBXBuildFile section */

/* Begin PBXFileReference section */
		7461C51FB232DF1404DDC048 /* Pods-ToDoList.release.xcconfig */ = {isa = PBXFileReference; includeInIndex = 1; lastKnownFileType = text.xcconfig; name = "Pods-ToDoList.release.xcconfig"; path = "Target Support Files/Pods-ToDoList/Pods-ToDoList.release.xcconfig"; sourceTree = "<group>"; };
		855056601BA1C515EA457625 /* Pods_ToDoList.framework */ = {isa = PBXFileReference; explicitFileType = wrapper.framework; includeInIndex = 0; path = Pods_ToDoList.framework; sourceTree = BUILT_PRODUCTS_DIR; };
		891FE67E26C836A10012DC0A /* ToDoList.app */ = {isa = PBXFileReference; explicitFileType = wrapper.application; includeInIndex = 0; path = ToDoList.app; sourceTree = BUILT_PRODUCTS_DIR; };
		891FE68126C836A10012DC0A /* AppDelegate.swift */ = {isa = PBXFileReference; lastKnownFileType = sourcecode.swift; path = AppDelegate.swift; sourceTree = "<group>"; };
		891FE68326C836A10012DC0A /* SceneDelegate.swift */ = {isa = PBXFileReference; lastKnownFileType = sourcecode.swift; path = SceneDelegate.swift; sourceTree = "<group>"; };
		891FE68526C836A10012DC0A /* ToDoListTableViewController.swift */ = {isa = PBXFileReference; lastKnownFileType = sourcecode.swift; path = ToDoListTableViewController.swift; sourceTree = "<group>"; };
		891FE68826C836A10012DC0A /* Base */ = {isa = PBXFileReference; lastKnownFileType = file.storyboard; name = Base; path = Base.lproj/Main.storyboard; sourceTree = "<group>"; };
		891FE68A26C836A30012DC0A /* Assets.xcassets */ = {isa = PBXFileReference; lastKnownFileType = folder.assetcatalog; path = Assets.xcassets; sourceTree = "<group>"; };
		891FE68D26C836A30012DC0A /* Base */ = {isa = PBXFileReference; lastKnownFileType = file.storyboard; name = Base; path = Base.lproj/LaunchScreen.storyboard; sourceTree = "<group>"; };
		891FE68F26C836A30012DC0A /* Info.plist */ = {isa = PBXFileReference; lastKnownFileType = text.plist.xml; path = Info.plist; sourceTree = "<group>"; };
		8996053726CF8837007203EF /* CategoryTableViewController.swift */ = {isa = PBXFileReference; lastKnownFileType = sourcecode.swift; path = CategoryTableViewController.swift; sourceTree = "<group>"; };
		89CACD5C26C96EDF00E022A7 /* DataModel.xcdatamodel */ = {isa = PBXFileReference; lastKnownFileType = wrapper.xcdatamodel; path = DataModel.xcdatamodel; sourceTree = "<group>"; };
		9097F160B3B0C4AA0D8E42F3 /* Pods-ToDoList.debug.xcconfig */ = {isa = PBXFileReference; includeInIndex = 1; lastKnownFileType = text.xcconfig; name = "Pods-ToDoList.debug.xcconfig"; path = "Target Support Files/Pods-ToDoList/Pods-ToDoList.debug.xcconfig"; sourceTree = "<group>"; };
/* End PBXFileReference section */

/* Begin PBXFrameworksBuildPhase section */
		891FE67B26C836A10012DC0A /* Frameworks */ = {
			isa = PBXFrameworksBuildPhase;
			buildActionMask = 2147483647;
			files = (
				6C5BC03F8849205DE9BF9E93 /* Pods_ToDoList.framework in Frameworks */,
			);
			runOnlyForDeploymentPostprocessing = 0;
		};
/* End PBXFrameworksBuildPhase section */

/* Begin PBXGroup section */
		86DABEF9ADCACF77822C6A89 /* Frameworks */ = {
			isa = PBXGroup;
			children = (
				855056601BA1C515EA457625 /* Pods_ToDoList.framework */,
			);
			name = Frameworks;
			sourceTree = "<group>";
		};
		891FE67526C836A10012DC0A = {
			isa = PBXGroup;
			children = (
				891FE68026C836A10012DC0A /* ToDoList */,
				891FE67F26C836A10012DC0A /* Products */,
				A042E62D527A8596787F5BC6 /* Pods */,
				86DABEF9ADCACF77822C6A89 /* Frameworks */,
			);
			sourceTree = "<group>";
		};
		891FE67F26C836A10012DC0A /* Products */ = {
			isa = PBXGroup;
			children = (
				891FE67E26C836A10012DC0A /* ToDoList.app */,
			);
			name = Products;
			sourceTree = "<group>";
		};
		891FE68026C836A10012DC0A /* ToDoList */ = {
			isa = PBXGroup;
			children = (
				891FE68126C836A10012DC0A /* AppDelegate.swift */,
				891FE68326C836A10012DC0A /* SceneDelegate.swift */,
				89AA499526C9185F0019EDBD /* Controllers */,
				89AA499426C918430019EDBD /* Data Model */,
				89AA499626C9186F0019EDBD /* Views */,
				89AA499726C918890019EDBD /* Supporting Files */,
				891FE68F26C836A30012DC0A /* Info.plist */,
			);
			path = ToDoList;
			sourceTree = "<group>";
		};
		89AA499426C918430019EDBD /* Data Model */ = {
			isa = PBXGroup;
			children = (
				89CACD5B26C96EDF00E022A7 /* DataModel.xcdatamodeld */,
			);
			path = "Data Model";
			sourceTree = "<group>";
		};
		89AA499526C9185F0019EDBD /* Controllers */ = {
			isa = PBXGroup;
			children = (
				8996053726CF8837007203EF /* CategoryTableViewController.swift */,
				891FE68526C836A10012DC0A /* ToDoListTableViewController.swift */,
			);
			path = Controllers;
			sourceTree = "<group>";
		};
		89AA499626C9186F0019EDBD /* Views */ = {
			isa = PBXGroup;
			children = (
				891FE68726C836A10012DC0A /* Main.storyboard */,
			);
			path = Views;
			sourceTree = "<group>";
		};
		89AA499726C918890019EDBD /* Supporting Files */ = {
			isa = PBXGroup;
			children = (
				891FE68A26C836A30012DC0A /* Assets.xcassets */,
				891FE68C26C836A30012DC0A /* LaunchScreen.storyboard */,
			);
			path = "Supporting Files";
			sourceTree = "<group>";
		};
		A042E62D527A8596787F5BC6 /* Pods */ = {
			isa = PBXGroup;
			children = (
				9097F160B3B0C4AA0D8E42F3 /* Pods-ToDoList.debug.xcconfig */,
				7461C51FB232DF1404DDC048 /* Pods-ToDoList.release.xcconfig */,
			);
			name = Pods;
			path = Pods;
			sourceTree = "<group>";
		};
/* End PBXGroup section */

/* Begin PBXNativeTarget section */
		891FE67D26C836A10012DC0A /* ToDoList */ = {
			isa = PBXNativeTarget;
			buildConfigurationList = 891FE69226C836A30012DC0A /* Build configuration list for PBXNativeTarget "ToDoList" */;
			buildPhases = (
				5AEF1DC0E5A1440081FD0CE5 /* [CP] Check Pods Manifest.lock */,
				891FE67A26C836A10012DC0A /* Sources */,
				891FE67B26C836A10012DC0A /* Frameworks */,
				891FE67C26C836A10012DC0A /* Resources */,
				BEAF2542B28CE49E10AFC6F8 /* [CP] Embed Pods Frameworks */,
			);
			buildRules = (
			);
			dependencies = (
			);
			name = ToDoList;
			productName = ToDoList;
			productReference = 891FE67E26C836A10012DC0A /* ToDoList.app */;
			productType = "com.apple.product-type.application";
		};
/* End PBXNativeTarget section */

/* Begin PBXProject section */
		891FE67626C836A10012DC0A /* Project object */ = {
			isa = PBXProject;
			attributes = {
				LastSwiftUpdateCheck = 1250;
				LastUpgradeCheck = 1250;
				TargetAttributes = {
					891FE67D26C836A10012DC0A = {
						CreatedOnToolsVersion = 12.5;
					};
				};
			};
			buildConfigurationList = 891FE67926C836A10012DC0A /* Build configuration list for PBXProject "ToDoList" */;
			compatibilityVersion = "Xcode 9.3";
			developmentRegion = en;
			hasScannedForEncodings = 0;
			knownRegions = (
				en,
				Base,
			);
			mainGroup = 891FE67526C836A10012DC0A;
			productRefGroup = 891FE67F26C836A10012DC0A /* Products */;
			projectDirPath = "";
			projectRoot = "";
			targets = (
				891FE67D26C836A10012DC0A /* ToDoList */,
			);
		};
/* End PBXProject section */

/* Begin PBXResourcesBuildPhase section */
		891FE67C26C836A10012DC0A /* Resources */ = {
			isa = PBXResourcesBuildPhase;
			buildActionMask = 2147483647;
			files = (
				891FE68E26C836A30012DC0A /* LaunchScreen.storyboard in Resources */,
				891FE68B26C836A30012DC0A /* Assets.xcassets in Resources */,
				891FE68926C836A10012DC0A /* Main.storyboard in Resources */,
			);
			runOnlyForDeploymentPostprocessing = 0;
		};
/* End PBXResourcesBuildPhase section */

/* Begin PBXShellScriptBuildPhase section */
		5AEF1DC0E5A1440081FD0CE5 /* [CP] Check Pods Manifest.lock */ = {
			isa = PBXShellScriptBuildPhase;
			buildActionMask = 2147483647;
			files = (
			);
			inputFileListPaths = (
			);
			inputPaths = (
				"${PODS_PODFILE_DIR_PATH}/Podfile.lock",
				"${PODS_ROOT}/Manifest.lock",
			);
			name = "[CP] Check Pods Manifest.lock";
			outputFileListPaths = (
			);
			outputPaths = (
				"$(DERIVED_FILE_DIR)/Pods-ToDoList-checkManifestLockResult.txt",
			);
			runOnlyForDeploymentPostprocessing = 0;
			shellPath = /bin/sh;
			shellScript = "diff \"${PODS_PODFILE_DIR_PATH}/Podfile.lock\" \"${PODS_ROOT}/Manifest.lock\" > /dev/null\nif [ $? != 0 ] ; then\n    # print error to STDERR\n    echo \"error: The sandbox is not in sync with the Podfile.lock. Run 'pod install' or update your CocoaPods installation.\" >&2\n    exit 1\nfi\n# This output is used by Xcode 'outputs' to avoid re-running this script phase.\necho \"SUCCESS\" > \"${SCRIPT_OUTPUT_FILE_0}\"\n";
			showEnvVarsInLog = 0;
		};
		BEAF2542B28CE49E10AFC6F8 /* [CP] Embed Pods Frameworks */ = {
			isa = PBXShellScriptBuildPhase;
			buildActionMask = 2147483647;
			files = (
			);
			inputFileListPaths = (
				"${PODS_ROOT}/Target Support Files/Pods-ToDoList/Pods-ToDoList-frameworks-${CONFIGURATION}-input-files.xcfilelist",
			);
			name = "[CP] Embed Pods Frameworks";
			outputFileListPaths = (
				"${PODS_ROOT}/Target Support Files/Pods-ToDoList/Pods-ToDoList-frameworks-${CONFIGURATION}-output-files.xcfilelist",
			);
			runOnlyForDeploymentPostprocessing = 0;
			shellPath = /bin/sh;
			shellScript = "\"${PODS_ROOT}/Target Support Files/Pods-ToDoList/Pods-ToDoList-frameworks.sh\"\n";
			showEnvVarsInLog = 0;
		};
/* End PBXShellScriptBuildPhase section */

/* Begin PBXSourcesBuildPhase section */
		891FE67A26C836A10012DC0A /* Sources */ = {
			isa = PBXSourcesBuildPhase;
			buildActionMask = 2147483647;
			files = (
				89CACD5D26C96EDF00E022A7 /* DataModel.xcdatamodeld in Sources */,
				891FE68626C836A10012DC0A /* ToDoListTableViewController.swift in Sources */,
				8996053826CF8837007203EF /* CategoryTableViewController.swift in Sources */,
				891FE68226C836A10012DC0A /* AppDelegate.swift in Sources */,
				891FE68426C836A10012DC0A /* SceneDelegate.swift in Sources */,
			);
			runOnlyForDeploymentPostprocessing = 0;
		};
/* End PBXSourcesBuildPhase section */

/* Begin PBXVariantGroup section */
		891FE68726C836A10012DC0A /* Main.storyboard */ = {
			isa = PBXVariantGroup;
			children = (
				891FE68826C836A10012DC0A /* Base */,
			);
			name = Main.storyboard;
			sourceTree = "<group>";
		};
		891FE68C26C836A30012DC0A /* LaunchScreen.storyboard */ = {
			isa = PBXVariantGroup;
			children = (
				891FE68D26C836A30012DC0A /* Base */,
			);
			name = LaunchScreen.storyboard;
			sourceTree = "<group>";
		};
/* End PBXVariantGroup section */

/* Begin XCBuildConfiguration section */
		891FE69026C836A30012DC0A /* Debug */ = {
			isa = XCBuildConfiguration;
			buildSettings = {
				ALWAYS_SEARCH_USER_PATHS = NO;
				CLANG_ANALYZER_NONNULL = YES;
				CLANG_ANALYZER_NUMBER_OBJECT_CONVERSION = YES_AGGRESSIVE;
				CLANG_CXX_LANGUAGE_STANDARD = "gnu++14";
				CLANG_CXX_LIBRARY = "libc++";
				CLANG_ENABLE_MODULES = YES;
				CLANG_ENABLE_OBJC_ARC = YES;
				CLANG_ENABLE_OBJC_WEAK = YES;
				CLANG_WARN_BLOCK_CAPTURE_AUTORELEASING = YES;
				CLANG_WARN_BOOL_CONVERSION = YES;
				CLANG_WARN_COMMA = YES;
				CLANG_WARN_CONSTANT_CONVERSION = YES;
				CLANG_WARN_DEPRECATED_OBJC_IMPLEMENTATIONS = YES;
				CLANG_WARN_DIRECT_OBJC_ISA_USAGE = YES_ERROR;
				CLANG_WARN_DOCUMENTATION_COMMENTS = YES;
				CLANG_WARN_EMPTY_BODY = YES;
				CLANG_WARN_ENUM_CONVERSION = YES;
				CLANG_WARN_INFINITE_RECURSION = YES;
				CLANG_WARN_INT_CONVERSION = YES;
				CLANG_WARN_NON_LITERAL_NULL_CONVERSION = YES;
				CLANG_WARN_OBJC_IMPLICIT_RETAIN_SELF = YES;
				CLANG_WARN_OBJC_LITERAL_CONVERSION = YES;
				CLANG_WARN_OBJC_ROOT_CLASS = YES_ERROR;
				CLANG_WARN_QUOTED_INCLUDE_IN_FRAMEWORK_HEADER = YES;
				CLANG_WARN_RANGE_LOOP_ANALYSIS = YES;
				CLANG_WARN_STRICT_PROTOTYPES = YES;
				CLANG_WARN_SUSPICIOUS_MOVE = YES;
				CLANG_WARN_UNGUARDED_AVAILABILITY = YES_AGGRESSIVE;
				CLANG_WARN_UNREACHABLE_CODE = YES;
				CLANG_WARN__DUPLICATE_METHOD_MATCH = YES;
				COPY_PHASE_STRIP = NO;
				DEBUG_INFORMATION_FORMAT = dwarf;
				ENABLE_STRICT_OBJC_MSGSEND = YES;
				ENABLE_TESTABILITY = YES;
				GCC_C_LANGUAGE_STANDARD = gnu11;
				GCC_DYNAMIC_NO_PIC = NO;
				GCC_NO_COMMON_BLOCKS = YES;
				GCC_OPTIMIZATION_LEVEL = 0;
				GCC_PREPROCESSOR_DEFINITIONS = (
					"DEBUG=1",
					"$(inherited)",
				);
				GCC_WARN_64_TO_32_BIT_CONVERSION = YES;
				GCC_WARN_ABOUT_RETURN_TYPE = YES_ERROR;
				GCC_WARN_UNDECLARED_SELECTOR = YES;
				GCC_WARN_UNINITIALIZED_AUTOS = YES_AGGRESSIVE;
				GCC_WARN_UNUSED_FUNCTION = YES;
				GCC_WARN_UNUSED_VARIABLE = YES;
				IPHONEOS_DEPLOYMENT_TARGET = 14.5;
				MTL_ENABLE_DEBUG_INFO = INCLUDE_SOURCE;
				MTL_FAST_MATH = YES;
				ONLY_ACTIVE_ARCH = YES;
				SDKROOT = iphoneos;
				SWIFT_ACTIVE_COMPILATION_CONDITIONS = DEBUG;
				SWIFT_OPTIMIZATION_LEVEL = "-Onone";
			};
			name = Debug;
		};
		891FE69126C836A30012DC0A /* Release */ = {
			isa = XCBuildConfiguration;
			buildSettings = {
				ALWAYS_SEARCH_USER_PATHS = NO;
				CLANG_ANALYZER_NONNULL = YES;
				CLANG_ANALYZER_NUMBER_OBJECT_CONVERSION = YES_AGGRESSIVE;
				CLANG_CXX_LANGUAGE_STANDARD = "gnu++14";
				CLANG_CXX_LIBRARY = "libc++";
				CLANG_ENABLE_MODULES = YES;
				CLANG_ENABLE_OBJC_ARC = YES;
				CLANG_ENABLE_OBJC_WEAK = YES;
				CLANG_WARN_BLOCK_CAPTURE_AUTORELEASING = YES;
				CLANG_WARN_BOOL_CONVERSION = YES;
				CLANG_WARN_COMMA = YES;
				CLANG_WARN_CONSTANT_CONVERSION = YES;
				CLANG_WARN_DEPRECATED_OBJC_IMPLEMENTATIONS = YES;
				CLANG_WARN_DIRECT_OBJC_ISA_USAGE = YES_ERROR;
				CLANG_WARN_DOCUMENTATION_COMMENTS = YES;
				CLANG_WARN_EMPTY_BODY = YES;
				CLANG_WARN_ENUM_CONVERSION = YES;
				CLANG_WARN_INFINITE_RECURSION = YES;
				CLANG_WARN_INT_CONVERSION = YES;
				CLANG_WARN_NON_LITERAL_NULL_CONVERSION = YES;
				CLANG_WARN_OBJC_IMPLICIT_RETAIN_SELF = YES;
				CLANG_WARN_OBJC_LITERAL_CONVERSION = YES;
				CLANG_WARN_OBJC_ROOT_CLASS = YES_ERROR;
				CLANG_WARN_QUOTED_INCLUDE_IN_FRAMEWORK_HEADER = YES;
				CLANG_WARN_RANGE_LOOP_ANALYSIS = YES;
				CLANG_WARN_STRICT_PROTOTYPES = YES;
				CLANG_WARN_SUSPICIOUS_MOVE = YES;
				CLANG_WARN_UNGUARDED_AVAILABILITY = YES_AGGRESSIVE;
				CLANG_WARN_UNREACHABLE_CODE = YES;
				CLANG_WARN__DUPLICATE_METHOD_MATCH = YES;
				COPY_PHASE_STRIP = NO;
				DEBUG_INFORMATION_FORMAT = "dwarf-with-dsym";
				ENABLE_NS_ASSERTIONS = NO;
				ENABLE_STRICT_OBJC_MSGSEND = YES;
				GCC_C_LANGUAGE_STANDARD = gnu11;
				GCC_NO_COMMON_BLOCKS = YES;
				GCC_WARN_64_TO_32_BIT_CONVERSION = YES;
				GCC_WARN_ABOUT_RETURN_TYPE = YES_ERROR;
				GCC_WARN_UNDECLARED_SELECTOR = YES;
				GCC_WARN_UNINITIALIZED_AUTOS = YES_AGGRESSIVE;
				GCC_WARN_UNUSED_FUNCTION = YES;
				GCC_WARN_UNUSED_VARIABLE = YES;
				IPHONEOS_DEPLOYMENT_TARGET = 14.5;
				MTL_ENABLE_DEBUG_INFO = NO;
				MTL_FAST_MATH = YES;
				SDKROOT = iphoneos;
				SWIFT_COMPILATION_MODE = wholemodule;
				SWIFT_OPTIMIZATION_LEVEL = "-O";
				VALIDATE_PRODUCT = YES;
			};
			name = Release;
		};
		891FE69326C836A30012DC0A /* Debug */ = {
			isa = XCBuildConfiguration;
			baseConfigurationReference = 9097F160B3B0C4AA0D8E42F3 /* Pods-ToDoList.debug.xcconfig */;
			buildSettings = {
				ASSETCATALOG_COMPILER_APPICON_NAME = AppIcon;
				ASSETCATALOG_COMPILER_GLOBAL_ACCENT_COLOR_NAME = AccentColor;
				CODE_SIGN_STYLE = Automatic;
				DEVELOPMENT_TEAM = D3M2362AJ6;
				INFOPLIST_FILE = ToDoList/Info.plist;
				LD_RUNPATH_SEARCH_PATHS = (
					"$(inherited)",
					"@executable_path/Frameworks",
				);
				PRODUCT_BUNDLE_IDENTIFIER = com.shanidzeann.ToDoList;
				PRODUCT_NAME = "$(TARGET_NAME)";
				SWIFT_VERSION = 5.0;
				TARGETED_DEVICE_FAMILY = "1,2";
			};
			name = Debug;
		};
		891FE69426C836A30012DC0A /* Release */ = {
			isa = XCBuildConfiguration;
			baseConfigurationReference = 7461C51FB232DF1404DDC048 /* Pods-ToDoList.release.xcconfig */;
			buildSettings = {
				ASSETCATALOG_COMPILER_APPICON_NAME = AppIcon;
				ASSETCATALOG_COMPILER_GLOBAL_ACCENT_COLOR_NAME = AccentColor;
				CODE_SIGN_STYLE = Automatic;
				DEVELOPMENT_TEAM = D3M2362AJ6;
				INFOPLIST_FILE = ToDoList/Info.plist;
				LD_RUNPATH_SEARCH_PATHS = (
					"$(inherited)",
					"@executable_path/Frameworks",
				);
				PRODUCT_BUNDLE_IDENTIFIER = com.shanidzeann.ToDoList;
				PRODUCT_NAME = "$(TARGET_NAME)";
				SWIFT_VERSION = 5.0;
				TARGETED_DEVICE_FAMILY = "1,2";
			};
			name = Release;
		};
/* End XCBuildConfiguration section */

/* Begin XCConfigurationList section */
		891FE67926C836A10012DC0A /* Build configuration list for PBXProject "ToDoList" */ = {
			isa = XCConfigurationList;
			buildConfigurations = (
				891FE69026C836A30012DC0A /* Debug */,
				891FE69126C836A30012DC0A /* Release */,
			);
			defaultConfigurationIsVisible = 0;
			defaultConfigurationName = Release;
		};
		891FE69226C836A30012DC0A /* Build configuration list for PBXNativeTarget "ToDoList" */ = {
			isa = XCConfigurationList;
			buildConfigurations = (
				891FE69326C836A30012DC0A /* Debug */,
				891FE69426C836A30012DC0A /* Release */,
			);
			defaultConfigurationIsVisible = 0;
			defaultConfigurationName = Release;
		};
/* End XCConfigurationList section */

/* Begin XCVersionGroup section */
		89CACD5B26C96EDF00E022A7 /* DataModel.xcdatamodeld */ = {
			isa = XCVersionGroup;
			children = (
				89CACD5C26C96EDF00E022A7 /* DataModel.xcdatamodel */,
			);
			currentVersion = 89CACD5C26C96EDF00E022A7 /* DataModel.xcdatamodel */;
			path = DataModel.xcdatamodeld;
			sourceTree = "<group>";
			versionGroupType = wrapper.xcdatamodel;
		};
/* End XCVersionGroup section */
	};
	rootObject = 891FE67626C836A10012DC0A /* Project object */;
}
